
Microsoft Visual Studio Solution File, Format Version 12.00
# Visual Studio Version 18
VisualStudioVersion = 18.3.11520.95 d18.3
MinimumVisualStudioVersion = 10.0.40219.1
Project("{FAE04EC0-301F-11D3-BF4B-00C04F79EFBC}") = "JobEntryApp", "JobEntryApp.csproj", "{387695E7-C7A8-840F-831E-5B97A541ED55}"
EndProject
Global
	GlobalSection(SolutionConfigurationPlatforms) = preSolution
		Debug|Any CPU = Debug|Any CPU
		Release|Any CPU = Release|Any CPU
	EndGlobalSection
	GlobalSection(ProjectConfigurationPlatforms) = postSolution
		{387695E7-C7A8-840F-831E-5B97A541ED55}.Debug|Any CPU.ActiveCfg = Debug|Any CPU
		{387695E7-C7A8-840F-831E-5B97A541ED55}.Debug|Any CPU.Build.0 = Debug|Any CPU
		{387695E7-C7A8-840F-831E-5B97A541ED55}.Release|Any CPU.ActiveCfg = Release|Any CPU
		{387695E7-C7A8-840F-831E-5B97A541ED55}.Release|Any CPU.Build.0 = Release|Any CPU
	EndGlobalSection
	GlobalSection(SolutionProperties) = preSolution
		HideSolutionNode = FALSE
	EndGlobalSection
	GlobalSection(ExtensibilityGlobals) = postSolution
		SolutionGuid = {C7D0E5A4-2018-45A2-B533-3E9FCA7E40F9}
	EndGlobalSection
EndGlobal
